
Microsoft Visual Studio Solution File, Format Version 12.00
# Visual Studio Version 16
VisualStudioVersion = 16.0.31727.386
MinimumVisualStudioVersion = 10.0.40219.1
Project("{FAE04EC0-301F-11D3-BF4B-00C04F79EFBC}") = "_NET_TP2", "_NET_TP2\_NET_TP2.csproj", "{81777B04-B396-4323-AC53-E231B0927C5C}"
EndProject
Global
	GlobalSection(SolutionConfigurationPlatforms) = preSolution
		Debug|Any CPU = Debug|Any CPU
		Release|Any CPU = Release|Any CPU
	EndGlobalSection
	GlobalSection(ProjectConfigurationPlatforms) = postSolution
		{81777B04-B396-4323-AC53-E231B0927C5C}.Debug|Any CPU.ActiveCfg = Debug|Any CPU
		{81777B04-B396-4323-AC53-E231B0927C5C}.Debug|Any CPU.Build.0 = Debug|Any CPU
		{81777B04-B396-4323-AC53-E231B0927C5C}.Release|Any CPU.ActiveCfg = Release|Any CPU
		{81777B04-B396-4323-AC53-E231B0927C5C}.Release|Any CPU.Build.0 = Release|Any CPU
	EndGlobalSection
	GlobalSection(SolutionProperties) = preSolution
		HideSolutionNode = FALSE
	EndGlobalSection
	GlobalSection(ExtensibilityGlobals) = postSolution
		SolutionGuid = {E874B60A-C06E-45F9-8D61-A671D76C395B}
	EndGlobalSection
EndGlobal
